
Microsoft Visual Studio Solution File, Format Version 12.00
# Visual Studio 15
VisualStudioVersion = 15.0.28010.2046
MinimumVisualStudioVersion = 10.0.40219.1
Project("{8BC9CEB8-8B4A-11D0-8D11-00A0C91BC942}") = "Lexical_Analyzer", "Lexical_Analyzer\Lexical_Analyzer.vcxproj", "{F41B5B2D-ECA8-44B0-A9E9-FD084D51017C}"
EndProject
Global
	GlobalSection(SolutionConfigurationPlatforms) = preSolution
		Debug|x64 = Debug|x64
		Debug|x86 = Debug|x86
		Release|x64 = Release|x64
		Release|x86 = Release|x86
	EndGlobalSection
	GlobalSection(ProjectConfigurationPlatforms) = postSolution
		{F41B5B2D-ECA8-44B0-A9E9-FD084D51017C}.Debug|x64.ActiveCfg = Debug|x64
		{F41B5B2D-ECA8-44B0-A9E9-FD084D51017C}.Debug|x64.Build.0 = Debug|x64
		{F41B5B2D-ECA8-44B0-A9E9-FD084D51017C}.Debug|x86.ActiveCfg = Debug|Win32
		{F41B5B2D-ECA8-44B0-A9E9-FD084D51017C}.Debug|x86.Build.0 = Debug|Win32
		{F41B5B2D-ECA8-44B0-A9E9-FD084D51017C}.Release|x64.ActiveCfg = Release|x64
		{F41B5B2D-ECA8-44B0-A9E9-FD084D51017C}.Release|x64.Build.0 = Release|x64
		{F41B5B2D-ECA8-44B0-A9E9-FD084D51017C}.Release|x86.ActiveCfg = Release|Win32
		{F41B5B2D-ECA8-44B0-A9E9-FD084D51017C}.Release|x86.Build.0 = Release|Win32
	EndGlobalSection
	GlobalSection(SolutionProperties) = preSolution
		HideSolutionNode = FALSE
	EndGlobalSection
	GlobalSection(ExtensibilityGlobals) = postSolution
		SolutionGuid = {26C6D64C-EA83-40F0-BA28-AA9E1341B4FF}
	EndGlobalSection
EndGlobal
